
Microsoft Visual Studio Solution File, Format Version 12.00
# Visual Studio Version 16
VisualStudioVersion = 16.0.29503.13
MinimumVisualStudioVersion = 10.0.40219.1
Project("{FAE04EC0-301F-11D3-BF4B-00C04F79EFBC}") = "Zero Width Characters", "Zero Width Characters\Zero Width Characters.csproj", "{646EF8C6-7911-40AD-8316-96C8D80FDE50}"
EndProject
Global
	GlobalSection(SolutionConfigurationPlatforms) = preSolution
		Debug|Any CPU = Debug|Any CPU
		Release|Any CPU = Release|Any CPU
	EndGlobalSection
	GlobalSection(ProjectConfigurationPlatforms) = postSolution
		{646EF8C6-7911-40AD-8316-96C8D80FDE50}.Debug|Any CPU.ActiveCfg = Debug|Any CPU
		{646EF8C6-7911-40AD-8316-96C8D80FDE50}.Debug|Any CPU.Build.0 = Debug|Any CPU
		{646EF8C6-7911-40AD-8316-96C8D80FDE50}.Release|Any CPU.ActiveCfg = Release|Any CPU
		{646EF8C6-7911-40AD-8316-96C8D80FDE50}.Release|Any CPU.Build.0 = Release|Any CPU
	EndGlobalSection
	GlobalSection(SolutionProperties) = preSolution
		HideSolutionNode = FALSE
	EndGlobalSection
	GlobalSection(ExtensibilityGlobals) = postSolution
		SolutionGuid = {2256E7D2-490B-4F25-A84D-E1456CBDE388}
	EndGlobalSection
EndGlobal
